
Microsoft Visual Studio Solution File, Format Version 12.00
# Visual Studio 2012
Project("{FAE04EC0-301F-11D3-BF4B-00C04F79EFBC}") = "Camera", "Camera\Camera.csproj", "{5C944FDC-6D0F-479C-8726-23C003BB7BFB}"
EndProject
Project("{FAE04EC0-301F-11D3-BF4B-00C04F79EFBC}") = "Camera.Tests", "Camera.Tests\Camera.Tests.csproj", "{83D55868-2AC4-4E41-B5F6-416D9DB3E531}"
EndProject
Global
	GlobalSection(SolutionConfigurationPlatforms) = preSolution
		Ad-Hoc|Any CPU = Ad-Hoc|Any CPU
		Ad-Hoc|iPhone = Ad-Hoc|iPhone
		Ad-Hoc|iPhoneSimulator = Ad-Hoc|iPhoneSimulator
		Ad-Hoc|Mixed Platforms = Ad-Hoc|Mixed Platforms
		AppStore|Any CPU = AppStore|Any CPU
		AppStore|iPhone = AppStore|iPhone
		AppStore|iPhoneSimulator = AppStore|iPhoneSimulator
		AppStore|Mixed Platforms = AppStore|Mixed Platforms
		Debug|Any CPU = Debug|Any CPU
		Debug|iPhone = Debug|iPhone
		Debug|iPhoneSimulator = Debug|iPhoneSimulator
		Debug|Mixed Platforms = Debug|Mixed Platforms
		Release|Any CPU = Release|Any CPU
		Release|iPhone = Release|iPhone
		Release|iPhoneSimulator = Release|iPhoneSimulator
		Release|Mixed Platforms = Release|Mixed Platforms
	EndGlobalSection
	GlobalSection(ProjectConfigurationPlatforms) = postSolution
		{5C944FDC-6D0F-479C-8726-23C003BB7BFB}.Ad-Hoc|Any CPU.ActiveCfg = Ad-Hoc|iPhone
		{5C944FDC-6D0F-479C-8726-23C003BB7BFB}.Ad-Hoc|iPhone.ActiveCfg = Ad-Hoc|iPhone
		{5C944FDC-6D0F-479C-8726-23C003BB7BFB}.Ad-Hoc|iPhone.Build.0 = Ad-Hoc|iPhone
		{5C944FDC-6D0F-479C-8726-23C003BB7BFB}.Ad-Hoc|iPhoneSimulator.ActiveCfg = Ad-Hoc|iPhoneSimulator
		{5C944FDC-6D0F-479C-8726-23C003BB7BFB}.Ad-Hoc|iPhoneSimulator.Build.0 = Ad-Hoc|iPhoneSimulator
		{5C944FDC-6D0F-479C-8726-23C003BB7BFB}.Ad-Hoc|Mixed Platforms.ActiveCfg = Ad-Hoc|iPhone
		{5C944FDC-6D0F-479C-8726-23C003BB7BFB}.Ad-Hoc|Mixed Platforms.Build.0 = Ad-Hoc|iPhone
		{5C944FDC-6D0F-479C-8726-23C003BB7BFB}.AppStore|Any CPU.ActiveCfg = AppStore|iPhone
		{5C944FDC-6D0F-479C-8726-23C003BB7BFB}.AppStore|iPhone.ActiveCfg = AppStore|iPhone
		{5C944FDC-6D0F-479C-8726-23C003BB7BFB}.AppStore|iPhone.Build.0 = AppStore|iPhone
		{5C944FDC-6D0F-479C-8726-23C003BB7BFB}.AppStore|iPhoneSimulator.ActiveCfg = AppStore|iPhoneSimulator
		{5C944FDC-6D0F-479C-8726-23C003BB7BFB}.AppStore|iPhoneSimulator.Build.0 = AppStore|iPhoneSimulator
		{5C944FDC-6D0F-479C-8726-23C003BB7BFB}.AppStore|Mixed Platforms.ActiveCfg = AppStore|iPhone
		{5C944FDC-6D0F-479C-8726-23C003BB7BFB}.AppStore|Mixed Platforms.Build.0 = AppStore|iPhone
		{5C944FDC-6D0F-479C-8726-23C003BB7BFB}.Debug|Any CPU.ActiveCfg = Debug|iPhone
		{5C944FDC-6D0F-479C-8726-23C003BB7BFB}.Debug|iPhone.ActiveCfg = Debug|iPhone
		{5C944FDC-6D0F-479C-8726-23C003BB7BFB}.Debug|iPhone.Build.0 = Debug|iPhone
		{5C944FDC-6D0F-479C-8726-23C003BB7BFB}.Debug|iPhoneSimulator.ActiveCfg = Debug|iPhoneSimulator
		{5C944FDC-6D0F-479C-8726-23C003BB7BFB}.Debug|iPhoneSimulator.Build.0 = Debug|iPhoneSimulator
		{5C944FDC-6D0F-479C-8726-23C003BB7BFB}.Debug|Mixed Platforms.ActiveCfg = Debug|iPhone
		{5C944FDC-6D0F-479C-8726-23C003BB7BFB}.Debug|Mixed Platforms.Build.0 = Debug|iPhone
		{5C944FDC-6D0F-479C-8726-23C003BB7BFB}.Release|Any CPU.ActiveCfg = Release|iPhone
		{5C944FDC-6D0F-479C-8726-23C003BB7BFB}.Release|iPhone.ActiveCfg = Release|iPhone
		{5C944FDC-6D0F-479C-8726-23C003BB7BFB}.Release|iPhone.Build.0 = Release|iPhone
		{5C944FDC-6D0F-479C-8726-23C003BB7BFB}.Release|iPhoneSimulator.ActiveCfg = Release|iPhoneSimulator
		{5C944FDC-6D0F-479C-8726-23C003BB7BFB}.Release|iPhoneSimulator.Build.0 = Release|iPhoneSimulator
		{5C944FDC-6D0F-479C-8726-23C003BB7BFB}.Release|Mixed Platforms.ActiveCfg = Release|iPhone
		{5C944FDC-6D0F-479C-8726-23C003BB7BFB}.Release|Mixed Platforms.Build.0 = Release|iPhone
		{83D55868-2AC4-4E41-B5F6-416D9DB3E531}.Ad-Hoc|Any CPU.ActiveCfg = Release|Any CPU
		{83D55868-2AC4-4E41-B5F6-416D9DB3E531}.Ad-Hoc|Any CPU.Build.0 = Release|Any CPU
		{83D55868-2AC4-4E41-B5F6-416D9DB3E531}.Ad-Hoc|iPhone.ActiveCfg = Release|Any CPU
		{83D55868-2AC4-4E41-B5F6-416D9DB3E531}.Ad-Hoc|iPhoneSimulator.ActiveCfg = Release|Any CPU
		{83D55868-2AC4-4E41-B5F6-416D9DB3E531}.Ad-Hoc|Mixed Platforms.ActiveCfg = Release|Any CPU
		{83D55868-2AC4-4E41-B5F6-416D9DB3E531}.Ad-Hoc|Mixed Platforms.Build.0 = Release|Any CPU
		{83D55868-2AC4-4E41-B5F6-416D9DB3E531}.AppStore|Any CPU.ActiveCfg = Release|Any CPU
		{83D55868-2AC4-4E41-B5F6-416D9DB3E531}.AppStore|Any CPU.Build.0 = Release|Any CPU
		{83D55868-2AC4-4E41-B5F6-416D9DB3E531}.AppStore|iPhone.ActiveCfg = Release|Any CPU
		{83D55868-2AC4-4E41-B5F6-416D9DB3E531}.AppStore|iPhoneSimulator.ActiveCfg = Release|Any CPU
		{83D55868-2AC4-4E41-B5F6-416D9DB3E531}.AppStore|Mixed Platforms.ActiveCfg = Release|Any CPU
		{83D55868-2AC4-4E41-B5F6-416D9DB3E531}.AppStore|Mixed Platforms.Build.0 = Release|Any CPU
		{83D55868-2AC4-4E41-B5F6-416D9DB3E531}.Debug|Any CPU.ActiveCfg = Debug|Any CPU
		{83D55868-2AC4-4E41-B5F6-416D9DB3E531}.Debug|Any CPU.Build.0 = Debug|Any CPU
		{83D55868-2AC4-4E41-B5F6-416D9DB3E531}.Debug|iPhone.ActiveCfg = Debug|Any CPU
		{83D55868-2AC4-4E41-B5F6-416D9DB3E531}.Debug|iPhoneSimulator.ActiveCfg = Debug|Any CPU
		{83D55868-2AC4-4E41-B5F6-416D9DB3E531}.Debug|Mixed Platforms.ActiveCfg = Debug|Any CPU
		{83D55868-2AC4-4E41-B5F6-416D9DB3E531}.Debug|Mixed Platforms.Build.0 = Debug|Any CPU
		{83D55868-2AC4-4E41-B5F6-416D9DB3E531}.Release|Any CPU.ActiveCfg = Release|Any CPU
		{83D55868-2AC4-4E41-B5F6-416D9DB3E531}.Release|Any CPU.Build.0 = Release|Any CPU
		{83D55868-2AC4-4E41-B5F6-416D9DB3E531}.Release|iPhone.ActiveCfg = Release|Any CPU
		{83D55868-2AC4-4E41-B5F6-416D9DB3E531}.Release|iPhoneSimulator.ActiveCfg = Release|Any CPU
		{83D55868-2AC4-4E41-B5F6-416D9DB3E531}.Release|Mixed Platforms.ActiveCfg = Release|Any CPU
		{83D55868-2AC4-4E41-B5F6-416D9DB3E531}.Release|Mixed Platforms.Build.0 = Release|Any CPU
		{5C944FDC-6D0F-479C-8726-23C003BB7BFB}.Ad-Hoc|Mixed Platforms.Deploy.0 = Ad-Hoc|iPhone
		{5C944FDC-6D0F-479C-8726-23C003BB7BFB}.AppStore|Mixed Platforms.Deploy.0 = AppStore|iPhone
		{5C944FDC-6D0F-479C-8726-23C003BB7BFB}.Debug|Mixed Platforms.Deploy.0 = Debug|iPhone
		{5C944FDC-6D0F-479C-8726-23C003BB7BFB}.Release|Mixed Platforms.Deploy.0 = Release|iPhone
	EndGlobalSection
	GlobalSection(MonoDevelopProperties) = preSolution
		StartupItem = Camera\Camera.csproj
	EndGlobalSection
	GlobalSection(SolutionProperties) = preSolution
		HideSolutionNode = FALSE
	EndGlobalSection
EndGlobal
